
Microsoft Visual Studio Solution File, Format Version 12.00
# Visual Studio Version 16
VisualStudioVersion = 16.0.32106.194
MinimumVisualStudioVersion = 10.0.40219.1
Project("{FAE04EC0-301F-11D3-BF4B-00C04F79EFBC}") = "FizzBuzzKata_Equipo9", "FizzBuzzKata_Equipo9\FizzBuzzKata_Equipo9.csproj", "{2AA9628E-A147-467D-A1B7-986CBA4B52F6}"
EndProject
Project("{FAE04EC0-301F-11D3-BF4B-00C04F79EFBC}") = "TestFizzBuzzKata", "TestFizzBuzzKata\TestFizzBuzzKata.csproj", "{D3FB192F-ED5A-4488-BC3C-53A141599C40}"
EndProject
Global
	GlobalSection(SolutionConfigurationPlatforms) = preSolution
		Debug|Any CPU = Debug|Any CPU
		Release|Any CPU = Release|Any CPU
	EndGlobalSection
	GlobalSection(ProjectConfigurationPlatforms) = postSolution
		{2AA9628E-A147-467D-A1B7-986CBA4B52F6}.Debug|Any CPU.ActiveCfg = Debug|Any CPU
		{2AA9628E-A147-467D-A1B7-986CBA4B52F6}.Debug|Any CPU.Build.0 = Debug|Any CPU
		{2AA9628E-A147-467D-A1B7-986CBA4B52F6}.Release|Any CPU.ActiveCfg = Release|Any CPU
		{2AA9628E-A147-467D-A1B7-986CBA4B52F6}.Release|Any CPU.Build.0 = Release|Any CPU
		{D3FB192F-ED5A-4488-BC3C-53A141599C40}.Debug|Any CPU.ActiveCfg = Debug|Any CPU
		{D3FB192F-ED5A-4488-BC3C-53A141599C40}.Debug|Any CPU.Build.0 = Debug|Any CPU
		{D3FB192F-ED5A-4488-BC3C-53A141599C40}.Release|Any CPU.ActiveCfg = Release|Any CPU
		{D3FB192F-ED5A-4488-BC3C-53A141599C40}.Release|Any CPU.Build.0 = Release|Any CPU
	EndGlobalSection
	GlobalSection(SolutionProperties) = preSolution
		HideSolutionNode = FALSE
	EndGlobalSection
	GlobalSection(ExtensibilityGlobals) = postSolution
		SolutionGuid = {6269DF39-0FB1-4563-996C-A16C66B2CE5C}
	EndGlobalSection
EndGlobal
